
Microsoft Visual Studio Solution File, Format Version 12.00
# Visual Studio 15
VisualStudioVersion = 15.0.27004.2002
MinimumVisualStudioVersion = 10.0.40219.1
Project("{FAE04EC0-301F-11D3-BF4B-00C04F79EFBC}") = "Youtube Video Downloader", "Youtube Video Downloader\Youtube Video Downloader.csproj", "{8262FE2F-B286-4FF0-8D2B-230F91A45034}"
EndProject
Global
	GlobalSection(SolutionConfigurationPlatforms) = preSolution
		Debug|Any CPU = Debug|Any CPU
		Release|Any CPU = Release|Any CPU
	EndGlobalSection
	GlobalSection(ProjectConfigurationPlatforms) = postSolution
		{8262FE2F-B286-4FF0-8D2B-230F91A45034}.Debug|Any CPU.ActiveCfg = Debug|Any CPU
		{8262FE2F-B286-4FF0-8D2B-230F91A45034}.Debug|Any CPU.Build.0 = Debug|Any CPU
		{8262FE2F-B286-4FF0-8D2B-230F91A45034}.Release|Any CPU.ActiveCfg = Release|Any CPU
		{8262FE2F-B286-4FF0-8D2B-230F91A45034}.Release|Any CPU.Build.0 = Release|Any CPU
	EndGlobalSection
	GlobalSection(SolutionProperties) = preSolution
		HideSolutionNode = FALSE
	EndGlobalSection
	GlobalSection(ExtensibilityGlobals) = postSolution
		SolutionGuid = {ACCF3B3B-DC40-4AD4-B54F-14FA986AF02A}
	EndGlobalSection
EndGlobal
